
Microsoft Visual Studio Solution File, Format Version 12.00
# Visual Studio Version 17
VisualStudioVersion = 17.5.002.0
MinimumVisualStudioVersion = 10.0.40219.1
Project("{9A19103F-16F7-4668-BE54-9A1E7A4F7556}") = "AutoPicoDucky", "AutoPicoDucky\AutoPicoDucky.csproj", "{C9ECF680-88D4-4F98-8BAB-C97F108CA55E}"
EndProject
Global
	GlobalSection(SolutionConfigurationPlatforms) = preSolution
		Debug|Any CPU = Debug|Any CPU
		Release|Any CPU = Release|Any CPU
	EndGlobalSection
	GlobalSection(ProjectConfigurationPlatforms) = postSolution
		{C9ECF680-88D4-4F98-8BAB-C97F108CA55E}.Debug|Any CPU.ActiveCfg = Debug|Any CPU
		{C9ECF680-88D4-4F98-8BAB-C97F108CA55E}.Debug|Any CPU.Build.0 = Debug|Any CPU
		{C9ECF680-88D4-4F98-8BAB-C97F108CA55E}.Release|Any CPU.ActiveCfg = Release|Any CPU
		{C9ECF680-88D4-4F98-8BAB-C97F108CA55E}.Release|Any CPU.Build.0 = Release|Any CPU
	EndGlobalSection
	GlobalSection(SolutionProperties) = preSolution
		HideSolutionNode = FALSE
	EndGlobalSection
	GlobalSection(ExtensibilityGlobals) = postSolution
		SolutionGuid = {34F1F746-0094-41B4-9FAA-52DFC1E9723C}
	EndGlobalSection
EndGlobal
